
Microsoft Visual Studio Solution File, Format Version 12.00
Project("{FAE04EC0-301F-11D3-BF4B-00C04F79EFBC}") = "Tetris", "Tetris\Tetris.csproj", "{7722B673-3933-45F8-B88F-D3D741399D51}"
EndProject
Global
	GlobalSection(SolutionConfigurationPlatforms) = preSolution
		Debug|Any CPU = Debug|Any CPU
		Release|Any CPU = Release|Any CPU
	EndGlobalSection
	GlobalSection(ProjectConfigurationPlatforms) = postSolution
		{7722B673-3933-45F8-B88F-D3D741399D51}.Debug|Any CPU.ActiveCfg = Debug|Any CPU
		{7722B673-3933-45F8-B88F-D3D741399D51}.Debug|Any CPU.Build.0 = Debug|Any CPU
		{7722B673-3933-45F8-B88F-D3D741399D51}.Release|Any CPU.ActiveCfg = Release|Any CPU
		{7722B673-3933-45F8-B88F-D3D741399D51}.Release|Any CPU.Build.0 = Release|Any CPU
	EndGlobalSection
EndGlobal
